// !$*UTF8*$!
{
	archiveVersion = 1;
	classes = {
	};
	objectVersion = 51;
	objects = {

/* Begin PBXBuildFile section */
		1420BEAA5E488C514A1E5D84 /* Pods_Smalltalk.framework in Frameworks */ = {isa = PBXBuildFile; fileRef = 8F5A1E12649C8945A742DCDA /* Pods_Smalltalk.framework */; };
		C01D31DD256EBB7A002438ED /* AppDelegate.swift in Sources */ = {isa = PBXBuildFile; fileRef = C01D31DC256EBB7A002438ED /* AppDelegate.swift */; };
		C01D31DF256EBB7A002438ED /* SceneDelegate.swift in Sources */ = {isa = PBXBuildFile; fileRef = C01D31DE256EBB7A002438ED /* SceneDelegate.swift */; };
		C01D31E6256EBB7E002438ED /* Assets.xcassets in Resources */ = {isa = PBXBuildFile; fileRef = C01D31E5256EBB7E002438ED /* Assets.xcassets */; };
		C01D31E9256EBB7E002438ED /* LaunchScreen.storyboard in Resources */ = {isa = PBXBuildFile; fileRef = C01D31E7256EBB7E002438ED /* LaunchScreen.storyboard */; };
		C01F5EDF257577BB00D974A2 /* GoogleService-Info.plist in Resources */ = {isa = PBXBuildFile; fileRef = C01F5EDE257577BB00D974A2 /* GoogleService-Info.plist */; };
		C01F5F562575935B00D974A2 /* R.generated.swift in Sources */ = {isa = PBXBuildFile; fileRef = C01F5F552575935B00D974A2 /* R.generated.swift */; };
		C0286D802576CEE500768D6B /* Post.swift in Sources */ = {isa = PBXBuildFile; fileRef = C0286D7F2576CEE500768D6B /* Post.swift */; };
		C0286D832576CEF800768D6B /* Picture.swift in Sources */ = {isa = PBXBuildFile; fileRef = C0286D822576CEF800768D6B /* Picture.swift */; };
		C0286D862576CF1600768D6B /* Dialog.swift in Sources */ = {isa = PBXBuildFile; fileRef = C0286D852576CF1600768D6B /* Dialog.swift */; };
		C0286D892576CF2300768D6B /* Message.swift in Sources */ = {isa = PBXBuildFile; fileRef = C0286D882576CF2300768D6B /* Message.swift */; };
		C0286D8C2576CF3300768D6B /* Comment.swift in Sources */ = {isa = PBXBuildFile; fileRef = C0286D8B2576CF3300768D6B /* Comment.swift */; };
		C0286D8F2576CF6900768D6B /* PostsStorage.swift in Sources */ = {isa = PBXBuildFile; fileRef = C0286D8E2576CF6900768D6B /* PostsStorage.swift */; };
		C0286D922576CF9000768D6B /* PicturesStorage.swift in Sources */ = {isa = PBXBuildFile; fileRef = C0286D912576CF9000768D6B /* PicturesStorage.swift */; };
		C0286D952576CFAB00768D6B /* DialogsStorage.swift in Sources */ = {isa = PBXBuildFile; fileRef = C0286D942576CFAB00768D6B /* DialogsStorage.swift */; };
		C0286D9A2576D02400768D6B /* NotificationsStorage.swift in Sources */ = {isa = PBXBuildFile; fileRef = C0286D992576D02400768D6B /* NotificationsStorage.swift */; };
		C0286D9D2576D03B00768D6B /* UsersStorage.swift in Sources */ = {isa = PBXBuildFile; fileRef = C0286D9C2576D03B00768D6B /* UsersStorage.swift */; };
		C0286DA32576D1C300768D6B /* BaseTabBarController.swift in Sources */ = {isa = PBXBuildFile; fileRef = C0286DA22576D1C300768D6B /* BaseTabBarController.swift */; };
		C0286DB32576D86100768D6B /* BaseNavigationController.swift in Sources */ = {isa = PBXBuildFile; fileRef = C0286DB22576D86100768D6B /* BaseNavigationController.swift */; };
		C0286DB62576DA7A00768D6B /* AppCoordinator.swift in Sources */ = {isa = PBXBuildFile; fileRef = C0286DB52576DA7A00768D6B /* AppCoordinator.swift */; };
		C0286DBA2576E0ED00768D6B /* FeedViewController.swift in Sources */ = {isa = PBXBuildFile; fileRef = C0286DB92576E0ED00768D6B /* FeedViewController.swift */; };
		C0286DBD2576E11400768D6B /* FeedCoordinator.swift in Sources */ = {isa = PBXBuildFile; fileRef = C0286DBC2576E11400768D6B /* FeedCoordinator.swift */; };
		C0286DC02576E13300768D6B /* PicturesViewController.swift in Sources */ = {isa = PBXBuildFile; fileRef = C0286DBF2576E13300768D6B /* PicturesViewController.swift */; };
		C0286DC32576E14600768D6B /* PicturesCoordinator.swift in Sources */ = {isa = PBXBuildFile; fileRef = C0286DC22576E14600768D6B /* PicturesCoordinator.swift */; };
		C0286DC62576E16700768D6B /* MessagesViewController.swift in Sources */ = {isa = PBXBuildFile; fileRef = C0286DC52576E16700768D6B /* MessagesViewController.swift */; };
		C0286DC92576E18000768D6B /* MessagesCoordinator.swift in Sources */ = {isa = PBXBuildFile; fileRef = C0286DC82576E18000768D6B /* MessagesCoordinator.swift */; };
		C0286DCC2576E1A300768D6B /* ActivityViewController.swift in Sources */ = {isa = PBXBuildFile; fileRef = C0286DCB2576E1A300768D6B /* ActivityViewController.swift */; };
		C0286DD02576E1B400768D6B /* ActivityCoordinator.swift in Sources */ = {isa = PBXBuildFile; fileRef = C0286DCF2576E1B400768D6B /* ActivityCoordinator.swift */; };
		C0286DD32576E1E300768D6B /* ProfileViewController.swift in Sources */ = {isa = PBXBuildFile; fileRef = C0286DD22576E1E300768D6B /* ProfileViewController.swift */; };
		C0286DD72576E20B00768D6B /* ProfileCoordinator.swift in Sources */ = {isa = PBXBuildFile; fileRef = C0286DD62576E20B00768D6B /* ProfileCoordinator.swift */; };
		C03C587F257ECA8E00721CBF /* DialogTableViewCell.swift in Sources */ = {isa = PBXBuildFile; fileRef = C03C587E257ECA8E00721CBF /* DialogTableViewCell.swift */; };
		C03C5883257ECAAE00721CBF /* DialogTableViewCellViewModel.swift in Sources */ = {isa = PBXBuildFile; fileRef = C03C5882257ECAAE00721CBF /* DialogTableViewCellViewModel.swift */; };
		C03CE2572579680F005CC466 /* User.swift in Sources */ = {isa = PBXBuildFile; fileRef = C03CE2562579680F005CC466 /* User.swift */; };
		C03CE27925798327005CC466 /* PostTableViewCell.swift in Sources */ = {isa = PBXBuildFile; fileRef = C03CE27825798327005CC466 /* PostTableViewCell.swift */; };
		C05338FA2578251C00DEF37D /* FeedViewModel.swift in Sources */ = {isa = PBXBuildFile; fileRef = C05338F92578251C00DEF37D /* FeedViewModel.swift */; };
		C05339012578264E00DEF37D /* Container+Coordinators.swift in Sources */ = {isa = PBXBuildFile; fileRef = C05339002578264E00DEF37D /* Container+Coordinators.swift */; };
		C05339042578266100DEF37D /* Container+ViewModels.swift in Sources */ = {isa = PBXBuildFile; fileRef = C05339032578266100DEF37D /* Container+ViewModels.swift */; };
		C05339072578267400DEF37D /* Container+Services.swift in Sources */ = {isa = PBXBuildFile; fileRef = C05339062578267400DEF37D /* Container+Services.swift */; };
		C053390A2578268400DEF37D /* Container+RegisterDependencies.swift in Sources */ = {isa = PBXBuildFile; fileRef = C05339092578268400DEF37D /* Container+RegisterDependencies.swift */; };
		C08113F6257BB8970035D1E3 /* PostTableViewCellViewModel.swift in Sources */ = {isa = PBXBuildFile; fileRef = C08113F5257BB8970035D1E3 /* PostTableViewCellViewModel.swift */; };
		C081143E257BE1800035D1E3 /* PicturesViewModel.swift in Sources */ = {isa = PBXBuildFile; fileRef = C081143D257BE1800035D1E3 /* PicturesViewModel.swift */; };
		C08114A2257BEC630035D1E3 /* PictureCollectionViewCell.swift in Sources */ = {isa = PBXBuildFile; fileRef = C08114A1257BEC630035D1E3 /* PictureCollectionViewCell.swift */; };
		C0812529258002E4004A9394 /* FilesStorage.swift in Sources */ = {isa = PBXBuildFile; fileRef = C0812528258002E4004A9394 /* FilesStorage.swift */; };
		C0AE01C42582B51000338B37 /* PictureCollectionViewCellViewModel.swift in Sources */ = {isa = PBXBuildFile; fileRef = C0AE01C32582B51000338B37 /* PictureCollectionViewCellViewModel.swift */; };
		C0F1EF51257D120A009DC5EC /* MessagesViewModel.swift in Sources */ = {isa = PBXBuildFile; fileRef = C0F1EF50257D120A009DC5EC /* MessagesViewModel.swift */; };
/* End PBXBuildFile section */

/* Begin PBXFileReference section */
		1FE3B1AC9C24EEAB378EA114 /* Pods-Smalltalk.release.xcconfig */ = {isa = PBXFileReference; includeInIndex = 1; lastKnownFileType = text.xcconfig; name = "Pods-Smalltalk.release.xcconfig"; path = "Target Support Files/Pods-Smalltalk/Pods-Smalltalk.release.xcconfig"; sourceTree = "<group>"; };
		8F5A1E12649C8945A742DCDA /* Pods_Smalltalk.framework */ = {isa = PBXFileReference; explicitFileType = wrapper.framework; includeInIndex = 0; path = Pods_Smalltalk.framework; sourceTree = BUILT_PRODUCTS_DIR; };
		BB186A3563242FE9D8F8CC24 /* Pods-Smalltalk.debug.xcconfig */ = {isa = PBXFileReference; includeInIndex = 1; lastKnownFileType = text.xcconfig; name = "Pods-Smalltalk.debug.xcconfig"; path = "Target Support Files/Pods-Smalltalk/Pods-Smalltalk.debug.xcconfig"; sourceTree = "<group>"; };
		C01D31D9256EBB7A002438ED /* Smalltalk.app */ = {isa = PBXFileReference; explicitFileType = wrapper.application; includeInIndex = 0; path = Smalltalk.app; sourceTree = BUILT_PRODUCTS_DIR; };
		C01D31DC256EBB7A002438ED /* AppDelegate.swift */ = {isa = PBXFileReference; lastKnownFileType = sourcecode.swift; path = AppDelegate.swift; sourceTree = "<group>"; };
		C01D31DE256EBB7A002438ED /* SceneDelegate.swift */ = {isa = PBXFileReference; lastKnownFileType = sourcecode.swift; path = SceneDelegate.swift; sourceTree = "<group>"; };
		C01D31E5256EBB7E002438ED /* Assets.xcassets */ = {isa = PBXFileReference; lastKnownFileType = folder.assetcatalog; path = Assets.xcassets; sourceTree = "<group>"; };
		C01D31E8256EBB7E002438ED /* Base */ = {isa = PBXFileReference; lastKnownFileType = file.storyboard; name = Base; path = Base.lproj/LaunchScreen.storyboard; sourceTree = "<group>"; };
		C01D31EA256EBB7E002438ED /* Info.plist */ = {isa = PBXFileReference; lastKnownFileType = text.plist.xml; path = Info.plist; sourceTree = "<group>"; };
		C01F5EDE257577BB00D974A2 /* GoogleService-Info.plist */ = {isa = PBXFileReference; fileEncoding = 4; lastKnownFileType = text.plist.xml; path = "GoogleService-Info.plist"; sourceTree = "<group>"; };
		C01F5F552575935B00D974A2 /* R.generated.swift */ = {isa = PBXFileReference; lastKnownFileType = sourcecode.swift; name = R.generated.swift; path = ../R.generated.swift; sourceTree = "<group>"; };
		C0286D7F2576CEE500768D6B /* Post.swift */ = {isa = PBXFileReference; lastKnownFileType = sourcecode.swift; path = Post.swift; sourceTree = "<group>"; };
		C0286D822576CEF800768D6B /* Picture.swift */ = {isa = PBXFileReference; lastKnownFileType = sourcecode.swift; path = Picture.swift; sourceTree = "<group>"; };
		C0286D852576CF1600768D6B /* Dialog.swift */ = {isa = PBXFileReference; lastKnownFileType = sourcecode.swift; path = Dialog.swift; sourceTree = "<group>"; };
		C0286D882576CF2300768D6B /* Message.swift */ = {isa = PBXFileReference; lastKnownFileType = sourcecode.swift; path = Message.swift; sourceTree = "<group>"; };
		C0286D8B2576CF3300768D6B /* Comment.swift */ = {isa = PBXFileReference; lastKnownFileType = sourcecode.swift; path = Comment.swift; sourceTree = "<group>"; };
		C0286D8E2576CF6900768D6B /* PostsStorage.swift */ = {isa = PBXFileReference; lastKnownFileType = sourcecode.swift; path = PostsStorage.swift; sourceTree = "<group>"; };
		C0286D912576CF9000768D6B /* PicturesStorage.swift */ = {isa = PBXFileReference; lastKnownFileType = sourcecode.swift; path = PicturesStorage.swift; sourceTree = "<group>"; };
		C0286D942576CFAB00768D6B /* DialogsStorage.swift */ = {isa = PBXFileReference; lastKnownFileType = sourcecode.swift; path = DialogsStorage.swift; sourceTree = "<group>"; };
		C0286D992576D02400768D6B /* NotificationsStorage.swift */ = {isa = PBXFileReference; lastKnownFileType = sourcecode.swift; path = NotificationsStorage.swift; sourceTree = "<group>"; };
		C0286D9C2576D03B00768D6B /* UsersStorage.swift */ = {isa = PBXFileReference; lastKnownFileType = sourcecode.swift; path = UsersStorage.swift; sourceTree = "<group>"; };
		C0286DA22576D1C300768D6B /* BaseTabBarController.swift */ = {isa = PBXFileReference; lastKnownFileType = sourcecode.swift; path = BaseTabBarController.swift; sourceTree = "<group>"; };
		C0286DB22576D86100768D6B /* BaseNavigationController.swift */ = {isa = PBXFileReference; lastKnownFileType = sourcecode.swift; path = BaseNavigationController.swift; sourceTree = "<group>"; };
		C0286DB52576DA7A00768D6B /* AppCoordinator.swift */ = {isa = PBXFileReference; lastKnownFileType = sourcecode.swift; path = AppCoordinator.swift; sourceTree = "<group>"; };
		C0286DB92576E0ED00768D6B /* FeedViewController.swift */ = {isa = PBXFileReference; lastKnownFileType = sourcecode.swift; path = FeedViewController.swift; sourceTree = "<group>"; };
		C0286DBC2576E11400768D6B /* FeedCoordinator.swift */ = {isa = PBXFileReference; lastKnownFileType = sourcecode.swift; path = FeedCoordinator.swift; sourceTree = "<group>"; };
		C0286DBF2576E13300768D6B /* PicturesViewController.swift */ = {isa = PBXFileReference; lastKnownFileType = sourcecode.swift; path = PicturesViewController.swift; sourceTree = "<group>"; };
		C0286DC22576E14600768D6B /* PicturesCoordinator.swift */ = {isa = PBXFileReference; lastKnownFileType = sourcecode.swift; path = PicturesCoordinator.swift; sourceTree = "<group>"; };
		C0286DC52576E16700768D6B /* MessagesViewController.swift */ = {isa = PBXFileReference; lastKnownFileType = sourcecode.swift; path = MessagesViewController.swift; sourceTree = "<group>"; };
		C0286DC82576E18000768D6B /* MessagesCoordinator.swift */ = {isa = PBXFileReference; lastKnownFileType = sourcecode.swift; path = MessagesCoordinator.swift; sourceTree = "<group>"; };
		C0286DCB2576E1A300768D6B /* ActivityViewController.swift */ = {isa = PBXFileReference; lastKnownFileType = sourcecode.swift; path = ActivityViewController.swift; sourceTree = "<group>"; };
		C0286DCF2576E1B400768D6B /* ActivityCoordinator.swift */ = {isa = PBXFileReference; lastKnownFileType = sourcecode.swift; path = ActivityCoordinator.swift; sourceTree = "<group>"; };
		C0286DD22576E1E300768D6B /* ProfileViewController.swift */ = {isa = PBXFileReference; lastKnownFileType = sourcecode.swift; path = ProfileViewController.swift; sourceTree = "<group>"; };
		C0286DD62576E20B00768D6B /* ProfileCoordinator.swift */ = {isa = PBXFileReference; lastKnownFileType = sourcecode.swift; path = ProfileCoordinator.swift; sourceTree = "<group>"; };
		C03C587E257ECA8E00721CBF /* DialogTableViewCell.swift */ = {isa = PBXFileReference; lastKnownFileType = sourcecode.swift; path = DialogTableViewCell.swift; sourceTree = "<group>"; };
		C03C5882257ECAAE00721CBF /* DialogTableViewCellViewModel.swift */ = {isa = PBXFileReference; lastKnownFileType = sourcecode.swift; path = DialogTableViewCellViewModel.swift; sourceTree = "<group>"; };
		C03CE2562579680F005CC466 /* User.swift */ = {isa = PBXFileReference; lastKnownFileType = sourcecode.swift; path = User.swift; sourceTree = "<group>"; };
		C03CE27825798327005CC466 /* PostTableViewCell.swift */ = {isa = PBXFileReference; lastKnownFileType = sourcecode.swift; path = PostTableViewCell.swift; sourceTree = "<group>"; };
		C05338F92578251C00DEF37D /* FeedViewModel.swift */ = {isa = PBXFileReference; lastKnownFileType = sourcecode.swift; path = FeedViewModel.swift; sourceTree = "<group>"; };
		C05339002578264E00DEF37D /* Container+Coordinators.swift */ = {isa = PBXFileReference; lastKnownFileType = sourcecode.swift; path = "Container+Coordinators.swift"; sourceTree = "<group>"; };
		C05339032578266100DEF37D /* Container+ViewModels.swift */ = {isa = PBXFileReference; lastKnownFileType = sourcecode.swift; path = "Container+ViewModels.swift"; sourceTree = "<group>"; };
		C05339062578267400DEF37D /* Container+Services.swift */ = {isa = PBXFileReference; lastKnownFileType = sourcecode.swift; path = "Container+Services.swift"; sourceTree = "<group>"; };
		C05339092578268400DEF37D /* Container+RegisterDependencies.swift */ = {isa = PBXFileReference; lastKnownFileType = sourcecode.swift; path = "Container+RegisterDependencies.swift"; sourceTree = "<group>"; };
		C08113F5257BB8970035D1E3 /* PostTableViewCellViewModel.swift */ = {isa = PBXFileReference; lastKnownFileType = sourcecode.swift; path = PostTableViewCellViewModel.swift; sourceTree = "<group>"; };
		C081143D257BE1800035D1E3 /* PicturesViewModel.swift */ = {isa = PBXFileReference; lastKnownFileType = sourcecode.swift; path = PicturesViewModel.swift; sourceTree = "<group>"; };
		C08114A1257BEC630035D1E3 /* PictureCollectionViewCell.swift */ = {isa = PBXFileReference; lastKnownFileType = sourcecode.swift; path = PictureCollectionViewCell.swift; sourceTree = "<group>"; };
		C0812528258002E4004A9394 /* FilesStorage.swift */ = {isa = PBXFileReference; lastKnownFileType = sourcecode.swift; path = FilesStorage.swift; sourceTree = "<group>"; };
		C0AE01C32582B51000338B37 /* PictureCollectionViewCellViewModel.swift */ = {isa = PBXFileReference; lastKnownFileType = sourcecode.swift; path = PictureCollectionViewCellViewModel.swift; sourceTree = "<group>"; };
		C0F1EF50257D120A009DC5EC /* MessagesViewModel.swift */ = {isa = PBXFileReference; lastKnownFileType = sourcecode.swift; path = MessagesViewModel.swift; sourceTree = "<group>"; };
/* End PBXFileReference section */

/* Begin PBXFrameworksBuildPhase section */
		C01D31D6256EBB7A002438ED /* Frameworks */ = {
			isa = PBXFrameworksBuildPhase;
			buildActionMask = 2147483647;
			files = (
				1420BEAA5E488C514A1E5D84 /* Pods_Smalltalk.framework in Frameworks */,
			);
			runOnlyForDeploymentPostprocessing = 0;
		};
/* End PBXFrameworksBuildPhase section */

/* Begin PBXGroup section */
		03D966393AA529F0FF10EF08 /* Frameworks */ = {
			isa = PBXGroup;
			children = (
				8F5A1E12649C8945A742DCDA /* Pods_Smalltalk.framework */,
			);
			name = Frameworks;
			sourceTree = "<group>";
		};
		32E1A5FAA0912AE54ACAAB7B /* Pods */ = {
			isa = PBXGroup;
			children = (
				BB186A3563242FE9D8F8CC24 /* Pods-Smalltalk.debug.xcconfig */,
				1FE3B1AC9C24EEAB378EA114 /* Pods-Smalltalk.release.xcconfig */,
			);
			path = Pods;
			sourceTree = "<group>";
		};
		C01D31D0256EBB7A002438ED = {
			isa = PBXGroup;
			children = (
				C01D31DB256EBB7A002438ED /* Smalltalk */,
				C01D31DA256EBB7A002438ED /* Products */,
				32E1A5FAA0912AE54ACAAB7B /* Pods */,
				03D966393AA529F0FF10EF08 /* Frameworks */,
			);
			sourceTree = "<group>";
		};
		C01D31DA256EBB7A002438ED /* Products */ = {
			isa = PBXGroup;
			children = (
				C01D31D9256EBB7A002438ED /* Smalltalk.app */,
			);
			name = Products;
			sourceTree = "<group>";
		};
		C01D31DB256EBB7A002438ED /* Smalltalk */ = {
			isa = PBXGroup;
			children = (
				C0286D752576CDED00768D6B /* App */,
				C05338FF2578260D00DEF37D /* DependencyInjection */,
				C0286D742576CDDC00768D6B /* Models */,
				C0286D732576CDC100768D6B /* Services */,
				C0286DB52576DA7A00768D6B /* AppCoordinator.swift */,
				C01D31DC256EBB7A002438ED /* AppDelegate.swift */,
				C01D31DE256EBB7A002438ED /* SceneDelegate.swift */,
				C01D31E5256EBB7E002438ED /* Assets.xcassets */,
				C01D31E7256EBB7E002438ED /* LaunchScreen.storyboard */,
				C01D31EA256EBB7E002438ED /* Info.plist */,
				C01F5EDE257577BB00D974A2 /* GoogleService-Info.plist */,
				C01F5F552575935B00D974A2 /* R.generated.swift */,
			);
			path = Smalltalk;
			sourceTree = "<group>";
		};
		C0286D732576CDC100768D6B /* Services */ = {
			isa = PBXGroup;
			children = (
				C0286D8E2576CF6900768D6B /* PostsStorage.swift */,
				C0286D912576CF9000768D6B /* PicturesStorage.swift */,
				C0286D942576CFAB00768D6B /* DialogsStorage.swift */,
				C0286D992576D02400768D6B /* NotificationsStorage.swift */,
				C0286D9C2576D03B00768D6B /* UsersStorage.swift */,
				C0812528258002E4004A9394 /* FilesStorage.swift */,
			);
			path = Services;
			sourceTree = "<group>";
		};
		C0286D742576CDDC00768D6B /* Models */ = {
			isa = PBXGroup;
			children = (
				C0286D7F2576CEE500768D6B /* Post.swift */,
				C0286D822576CEF800768D6B /* Picture.swift */,
				C0286D852576CF1600768D6B /* Dialog.swift */,
				C0286D882576CF2300768D6B /* Message.swift */,
				C0286D8B2576CF3300768D6B /* Comment.swift */,
				C03CE2562579680F005CC466 /* User.swift */,
			);
			path = Models;
			sourceTree = "<group>";
		};
		C0286D752576CDED00768D6B /* App */ = {
			isa = PBXGroup;
			children = (
				C0286DA12576D11500768D6B /* Base */,
				C0286D762576CE0A00768D6B /* Feed */,
				C0286D772576CE1900768D6B /* Pictures */,
				C0286D782576CE4800768D6B /* Messages */,
				C0286D792576CE6F00768D6B /* Activity */,
				C0286D7A2576CE7C00768D6B /* Profile */,
			);
			path = App;
			sourceTree = "<group>";
		};
		C0286D762576CE0A00768D6B /* Feed */ = {
			isa = PBXGroup;
			children = (
				C0286DBC2576E11400768D6B /* FeedCoordinator.swift */,
				C05338FC2578252E00DEF37D /* Modules */,
			);
			path = Feed;
			sourceTree = "<group>";
		};
		C0286D772576CE1900768D6B /* Pictures */ = {
			isa = PBXGroup;
			children = (
				C0286DC22576E14600768D6B /* PicturesCoordinator.swift */,
				C081143B257BE11C0035D1E3 /* Modules */,
			);
			path = Pictures;
			sourceTree = "<group>";
		};
		C0286D782576CE4800768D6B /* Messages */ = {
			isa = PBXGroup;
			children = (
				C0286DC82576E18000768D6B /* MessagesCoordinator.swift */,
				C0F1EF4E257D11C4009DC5EC /* Modules */,
			);
			path = Messages;
			sourceTree = "<group>";
		};
		C0286D792576CE6F00768D6B /* Activity */ = {
			isa = PBXGroup;
			children = (
				C0286DCF2576E1B400768D6B /* ActivityCoordinator.swift */,
				C0286DCB2576E1A300768D6B /* ActivityViewController.swift */,
			);
			path = Activity;
			sourceTree = "<group>";
		};
		C0286D7A2576CE7C00768D6B /* Profile */ = {
			isa = PBXGroup;
			children = (
				C0286DD62576E20B00768D6B /* ProfileCoordinator.swift */,
				C0286DD22576E1E300768D6B /* ProfileViewController.swift */,
			);
			path = Profile;
			sourceTree = "<group>";
		};
		C0286DA12576D11500768D6B /* Base */ = {
			isa = PBXGroup;
			children = (
				C0286DA22576D1C300768D6B /* BaseTabBarController.swift */,
				C0286DB22576D86100768D6B /* BaseNavigationController.swift */,
			);
			path = Base;
			sourceTree = "<group>";
		};
		C03C587D257ECA6900721CBF /* DialogCell */ = {
			isa = PBXGroup;
			children = (
				C03C587E257ECA8E00721CBF /* DialogTableViewCell.swift */,
				C03C5882257ECAAE00721CBF /* DialogTableViewCellViewModel.swift */,
			);
			path = DialogCell;
			sourceTree = "<group>";
		};
		C05338FC2578252E00DEF37D /* Modules */ = {
			isa = PBXGroup;
			children = (
				C05338FE2578255100DEF37D /* Initial */,
			);
			path = Modules;
			sourceTree = "<group>";
		};
		C05338FE2578255100DEF37D /* Initial */ = {
			isa = PBXGroup;
			children = (
				C08113FC257BD68C0035D1E3 /* PostCell */,
				C0286DB92576E0ED00768D6B /* FeedViewController.swift */,
				C05338F92578251C00DEF37D /* FeedViewModel.swift */,
			);
			path = Initial;
			sourceTree = "<group>";
		};
		C05338FF2578260D00DEF37D /* DependencyInjection */ = {
			isa = PBXGroup;
			children = (
				C05339092578268400DEF37D /* Container+RegisterDependencies.swift */,
				C05339062578267400DEF37D /* Container+Services.swift */,
				C05339032578266100DEF37D /* Container+ViewModels.swift */,
				C05339002578264E00DEF37D /* Container+Coordinators.swift */,
			);
			path = DependencyInjection;
			sourceTree = "<group>";
		};
		C08113FC257BD68C0035D1E3 /* PostCell */ = {
			isa = PBXGroup;
			children = (
				C03CE27825798327005CC466 /* PostTableViewCell.swift */,
				C08113F5257BB8970035D1E3 /* PostTableViewCellViewModel.swift */,
			);
			path = PostCell;
			sourceTree = "<group>";
		};
		C081143B257BE11C0035D1E3 /* Modules */ = {
			isa = PBXGroup;
			children = (
				C081143C257BE15B0035D1E3 /* Initial */,
			);
			path = Modules;
			sourceTree = "<group>";
		};
		C081143C257BE15B0035D1E3 /* Initial */ = {
			isa = PBXGroup;
			children = (
				C0AE01C22582B4E500338B37 /* PictureCell */,
				C0286DBF2576E13300768D6B /* PicturesViewController.swift */,
				C081143D257BE1800035D1E3 /* PicturesViewModel.swift */,
			);
			path = Initial;
			sourceTree = "<group>";
		};
		C0AE01C22582B4E500338B37 /* PictureCell */ = {
			isa = PBXGroup;
			children = (
				C08114A1257BEC630035D1E3 /* PictureCollectionViewCell.swift */,
				C0AE01C32582B51000338B37 /* PictureCollectionViewCellViewModel.swift */,
			);
			path = PictureCell;
			sourceTree = "<group>";
		};
		C0F1EF4E257D11C4009DC5EC /* Modules */ = {
			isa = PBXGroup;
			children = (
				C0F1EF4F257D11DD009DC5EC /* Initial */,
			);
			path = Modules;
			sourceTree = "<group>";
		};
		C0F1EF4F257D11DD009DC5EC /* Initial */ = {
			isa = PBXGroup;
			children = (
				C03C587D257ECA6900721CBF /* DialogCell */,
				C0286DC52576E16700768D6B /* MessagesViewController.swift */,
				C0F1EF50257D120A009DC5EC /* MessagesViewModel.swift */,
			);
			path = Initial;
			sourceTree = "<group>";
		};
/* End PBXGroup section */

/* Begin PBXNativeTarget section */
		C01D31D8256EBB7A002438ED /* Smalltalk */ = {
			isa = PBXNativeTarget;
			buildConfigurationList = C01D31ED256EBB7E002438ED /* Build configuration list for PBXNativeTarget "Smalltalk" */;
			buildPhases = (
				7546EC047EC5520297B0DF82 /* [CP] Check Pods Manifest.lock */,
				C01F5F53257591DD00D974A2 /* R.swift */,
				C01F5F512575831B00D974A2 /* SwiftLint */,
				C01D31D5256EBB7A002438ED /* Sources */,
				C01D31D6256EBB7A002438ED /* Frameworks */,
				C01D31D7256EBB7A002438ED /* Resources */,
				75F242DEE478A7DA028EE89E /* [CP] Embed Pods Frameworks */,
			);
			buildRules = (
			);
			dependencies = (
			);
			name = Smalltalk;
			productName = Smalltalk;
			productReference = C01D31D9256EBB7A002438ED /* Smalltalk.app */;
			productType = "com.apple.product-type.application";
		};
/* End PBXNativeTarget section */

/* Begin PBXProject section */
		C01D31D1256EBB7A002438ED /* Project object */ = {
			isa = PBXProject;
			attributes = {
				LastSwiftUpdateCheck = 1220;
				LastUpgradeCheck = 1220;
				TargetAttributes = {
					C01D31D8256EBB7A002438ED = {
						CreatedOnToolsVersion = 12.2;
					};
				};
			};
			buildConfigurationList = C01D31D4256EBB7A002438ED /* Build configuration list for PBXProject "Smalltalk" */;
			compatibilityVersion = "Xcode 9.3";
			developmentRegion = en;
			hasScannedForEncodings = 0;
			knownRegions = (
				en,
				Base,
			);
			mainGroup = C01D31D0256EBB7A002438ED;
			productRefGroup = C01D31DA256EBB7A002438ED /* Products */;
			projectDirPath = "";
			projectRoot = "";
			targets = (
				C01D31D8256EBB7A002438ED /* Smalltalk */,
			);
		};
/* End PBXProject section */

/* Begin PBXResourcesBuildPhase section */
		C01D31D7256EBB7A002438ED /* Resources */ = {
			isa = PBXResourcesBuildPhase;
			buildActionMask = 2147483647;
			files = (
				C01D31E9256EBB7E002438ED /* LaunchScreen.storyboard in Resources */,
				C01F5EDF257577BB00D974A2 /* GoogleService-Info.plist in Resources */,
				C01D31E6256EBB7E002438ED /* Assets.xcassets in Resources */,
			);
			runOnlyForDeploymentPostprocessing = 0;
		};
/* End PBXResourcesBuildPhase section */

/* Begin PBXShellScriptBuildPhase section */
		7546EC047EC5520297B0DF82 /* [CP] Check Pods Manifest.lock */ = {
			isa = PBXShellScriptBuildPhase;
			buildActionMask = 2147483647;
			files = (
			);
			inputFileListPaths = (
			);
			inputPaths = (
				"${PODS_PODFILE_DIR_PATH}/Podfile.lock",
				"${PODS_ROOT}/Manifest.lock",
			);
			name = "[CP] Check Pods Manifest.lock";
			outputFileListPaths = (
			);
			outputPaths = (
				"$(DERIVED_FILE_DIR)/Pods-Smalltalk-checkManifestLockResult.txt",
			);
			runOnlyForDeploymentPostprocessing = 0;
			shellPath = /bin/sh;
			shellScript = "diff \"${PODS_PODFILE_DIR_PATH}/Podfile.lock\" \"${PODS_ROOT}/Manifest.lock\" > /dev/null\nif [ $? != 0 ] ; then\n    # print error to STDERR\n    echo \"error: The sandbox is not in sync with the Podfile.lock. Run 'pod install' or update your CocoaPods installation.\" >&2\n    exit 1\nfi\n# This output is used by Xcode 'outputs' to avoid re-running this script phase.\necho \"SUCCESS\" > \"${SCRIPT_OUTPUT_FILE_0}\"\n";
			showEnvVarsInLog = 0;
		};
		75F242DEE478A7DA028EE89E /* [CP] Embed Pods Frameworks */ = {
			isa = PBXShellScriptBuildPhase;
			buildActionMask = 2147483647;
			files = (
			);
			inputFileListPaths = (
				"${PODS_ROOT}/Target Support Files/Pods-Smalltalk/Pods-Smalltalk-frameworks-${CONFIGURATION}-input-files.xcfilelist",
			);
			name = "[CP] Embed Pods Frameworks";
			outputFileListPaths = (
				"${PODS_ROOT}/Target Support Files/Pods-Smalltalk/Pods-Smalltalk-frameworks-${CONFIGURATION}-output-files.xcfilelist",
			);
			runOnlyForDeploymentPostprocessing = 0;
			shellPath = /bin/sh;
			shellScript = "\"${PODS_ROOT}/Target Support Files/Pods-Smalltalk/Pods-Smalltalk-frameworks.sh\"\n";
			showEnvVarsInLog = 0;
		};
		C01F5F512575831B00D974A2 /* SwiftLint */ = {
			isa = PBXShellScriptBuildPhase;
			buildActionMask = 2147483647;
			files = (
			);
			inputFileListPaths = (
			);
			inputPaths = (
			);
			name = SwiftLint;
			outputFileListPaths = (
			);
			outputPaths = (
			);
			runOnlyForDeploymentPostprocessing = 0;
			shellPath = /bin/sh;
			shellScript = "${PODS_ROOT}/SwiftLint/swiftlint\n";
		};
		C01F5F53257591DD00D974A2 /* R.swift */ = {
			isa = PBXShellScriptBuildPhase;
			buildActionMask = 2147483647;
			files = (
			);
			inputFileListPaths = (
			);
			inputPaths = (
				"$TEMP_DIR/rswift-lastrun",
			);
			name = R.swift;
			outputFileListPaths = (
			);
			outputPaths = (
				$SRCROOT/R.generated.swift,
			);
			runOnlyForDeploymentPostprocessing = 0;
			shellPath = /bin/sh;
			shellScript = "\"$PODS_ROOT/R.swift/rswift\" generate \"$SRCROOT/R.generated.swift\"\n";
		};
/* End PBXShellScriptBuildPhase section */

/* Begin PBXSourcesBuildPhase section */
		C01D31D5256EBB7A002438ED /* Sources */ = {
			isa = PBXSourcesBuildPhase;
			buildActionMask = 2147483647;
			files = (
				C0286DBD2576E11400768D6B /* FeedCoordinator.swift in Sources */,
				C0286D922576CF9000768D6B /* PicturesStorage.swift in Sources */,
				C0286DA32576D1C300768D6B /* BaseTabBarController.swift in Sources */,
				C0286D9A2576D02400768D6B /* NotificationsStorage.swift in Sources */,
				C03CE2572579680F005CC466 /* User.swift in Sources */,
				C0286DBA2576E0ED00768D6B /* FeedViewController.swift in Sources */,
				C0286DD32576E1E300768D6B /* ProfileViewController.swift in Sources */,
				C0812529258002E4004A9394 /* FilesStorage.swift in Sources */,
				C05339012578264E00DEF37D /* Container+Coordinators.swift in Sources */,
				C0286DD72576E20B00768D6B /* ProfileCoordinator.swift in Sources */,
				C08114A2257BEC630035D1E3 /* PictureCollectionViewCell.swift in Sources */,
				C0AE01C42582B51000338B37 /* PictureCollectionViewCellViewModel.swift in Sources */,
				C053390A2578268400DEF37D /* Container+RegisterDependencies.swift in Sources */,
				C0286DD02576E1B400768D6B /* ActivityCoordinator.swift in Sources */,
				C03CE27925798327005CC466 /* PostTableViewCell.swift in Sources */,
				C08113F6257BB8970035D1E3 /* PostTableViewCellViewModel.swift in Sources */,
				C01D31DD256EBB7A002438ED /* AppDelegate.swift in Sources */,
				C0286DCC2576E1A300768D6B /* ActivityViewController.swift in Sources */,
				C05339072578267400DEF37D /* Container+Services.swift in Sources */,
				C0286DC92576E18000768D6B /* MessagesCoordinator.swift in Sources */,
				C0286DB62576DA7A00768D6B /* AppCoordinator.swift in Sources */,
				C0286D952576CFAB00768D6B /* DialogsStorage.swift in Sources */,
				C05338FA2578251C00DEF37D /* FeedViewModel.swift in Sources */,
				C0286D892576CF2300768D6B /* Message.swift in Sources */,
				C0286DC02576E13300768D6B /* PicturesViewController.swift in Sources */,
				C0286D8F2576CF6900768D6B /* PostsStorage.swift in Sources */,
				C0286DC32576E14600768D6B /* PicturesCoordinator.swift in Sources */,
				C0F1EF51257D120A009DC5EC /* MessagesViewModel.swift in Sources */,
				C05339042578266100DEF37D /* Container+ViewModels.swift in Sources */,
				C0286D802576CEE500768D6B /* Post.swift in Sources */,
				C0286D8C2576CF3300768D6B /* Comment.swift in Sources */,
				C081143E257BE1800035D1E3 /* PicturesViewModel.swift in Sources */,
				C0286D832576CEF800768D6B /* Picture.swift in Sources */,
				C01D31DF256EBB7A002438ED /* SceneDelegate.swift in Sources */,
				C01F5F562575935B00D974A2 /* R.generated.swift in Sources */,
				C0286DB32576D86100768D6B /* BaseNavigationController.swift in Sources */,
				C0286D862576CF1600768D6B /* Dialog.swift in Sources */,
				C03C5883257ECAAE00721CBF /* DialogTableViewCellViewModel.swift in Sources */,
				C03C587F257ECA8E00721CBF /* DialogTableViewCell.swift in Sources */,
				C0286D9D2576D03B00768D6B /* UsersStorage.swift in Sources */,
				C0286DC62576E16700768D6B /* MessagesViewController.swift in Sources */,
			);
			runOnlyForDeploymentPostprocessing = 0;
		};
/* End PBXSourcesBuildPhase section */

/* Begin PBXVariantGroup section */
		C01D31E7256EBB7E002438ED /* LaunchScreen.storyboard */ = {
			isa = PBXVariantGroup;
			children = (
				C01D31E8256EBB7E002438ED /* Base */,
			);
			name = LaunchScreen.storyboard;
			sourceTree = "<group>";
		};
/* End PBXVariantGroup section */

/* Begin XCBuildConfiguration section */
		C01D31EB256EBB7E002438ED /* Debug */ = {
			isa = XCBuildConfiguration;
			buildSettings = {
				ALWAYS_SEARCH_USER_PATHS = NO;
				CLANG_ANALYZER_NONNULL = YES;
				CLANG_ANALYZER_NUMBER_OBJECT_CONVERSION = YES_AGGRESSIVE;
				CLANG_CXX_LANGUAGE_STANDARD = "gnu++14";
				CLANG_CXX_LIBRARY = "libc++";
				CLANG_ENABLE_MODULES = YES;
				CLANG_ENABLE_OBJC_ARC = YES;
				CLANG_ENABLE_OBJC_WEAK = YES;
				CLANG_WARN_BLOCK_CAPTURE_AUTORELEASING = YES;
				CLANG_WARN_BOOL_CONVERSION = YES;
				CLANG_WARN_COMMA = YES;
				CLANG_WARN_CONSTANT_CONVERSION = YES;
				CLANG_WARN_DEPRECATED_OBJC_IMPLEMENTATIONS = YES;
				CLANG_WARN_DIRECT_OBJC_ISA_USAGE = YES_ERROR;
				CLANG_WARN_DOCUMENTATION_COMMENTS = YES;
				CLANG_WARN_EMPTY_BODY = YES;
				CLANG_WARN_ENUM_CONVERSION = YES;
				CLANG_WARN_INFINITE_RECURSION = YES;
				CLANG_WARN_INT_CONVERSION = YES;
				CLANG_WARN_NON_LITERAL_NULL_CONVERSION = YES;
				CLANG_WARN_OBJC_IMPLICIT_RETAIN_SELF = YES;
				CLANG_WARN_OBJC_LITERAL_CONVERSION = YES;
				CLANG_WARN_OBJC_ROOT_CLASS = YES_ERROR;
				CLANG_WARN_QUOTED_INCLUDE_IN_FRAMEWORK_HEADER = YES;
				CLANG_WARN_RANGE_LOOP_ANALYSIS = YES;
				CLANG_WARN_STRICT_PROTOTYPES = YES;
				CLANG_WARN_SUSPICIOUS_MOVE = YES;
				CLANG_WARN_UNGUARDED_AVAILABILITY = YES_AGGRESSIVE;
				CLANG_WARN_UNREACHABLE_CODE = YES;
				CLANG_WARN__DUPLICATE_METHOD_MATCH = YES;
				COPY_PHASE_STRIP = NO;
				DEBUG_INFORMATION_FORMAT = dwarf;
				ENABLE_STRICT_OBJC_MSGSEND = YES;
				ENABLE_TESTABILITY = YES;
				GCC_C_LANGUAGE_STANDARD = gnu11;
				GCC_DYNAMIC_NO_PIC = NO;
				GCC_NO_COMMON_BLOCKS = YES;
				GCC_OPTIMIZATION_LEVEL = 0;
				GCC_PREPROCESSOR_DEFINITIONS = (
					"DEBUG=1",
					"$(inherited)",
				);
				GCC_WARN_64_TO_32_BIT_CONVERSION = YES;
				GCC_WARN_ABOUT_RETURN_TYPE = YES_ERROR;
				GCC_WARN_UNDECLARED_SELECTOR = YES;
				GCC_WARN_UNINITIALIZED_AUTOS = YES_AGGRESSIVE;
				GCC_WARN_UNUSED_FUNCTION = YES;
				GCC_WARN_UNUSED_VARIABLE = YES;
				IPHONEOS_DEPLOYMENT_TARGET = 13.0;
				MTL_ENABLE_DEBUG_INFO = INCLUDE_SOURCE;
				MTL_FAST_MATH = YES;
				ONLY_ACTIVE_ARCH = YES;
				SDKROOT = iphoneos;
				SWIFT_ACTIVE_COMPILATION_CONDITIONS = DEBUG;
				SWIFT_OPTIMIZATION_LEVEL = "-Onone";
			};
			name = Debug;
		};
		C01D31EC256EBB7E002438ED /* Release */ = {
			isa = XCBuildConfiguration;
			buildSettings = {
				ALWAYS_SEARCH_USER_PATHS = NO;
				CLANG_ANALYZER_NONNULL = YES;
				CLANG_ANALYZER_NUMBER_OBJECT_CONVERSION = YES_AGGRESSIVE;
				CLANG_CXX_LANGUAGE_STANDARD = "gnu++14";
				CLANG_CXX_LIBRARY = "libc++";
				CLANG_ENABLE_MODULES = YES;
				CLANG_ENABLE_OBJC_ARC = YES;
				CLANG_ENABLE_OBJC_WEAK = YES;
				CLANG_WARN_BLOCK_CAPTURE_AUTORELEASING = YES;
				CLANG_WARN_BOOL_CONVERSION = YES;
				CLANG_WARN_COMMA = YES;
				CLANG_WARN_CONSTANT_CONVERSION = YES;
				CLANG_WARN_DEPRECATED_OBJC_IMPLEMENTATIONS = YES;
				CLANG_WARN_DIRECT_OBJC_ISA_USAGE = YES_ERROR;
				CLANG_WARN_DOCUMENTATION_COMMENTS = YES;
				CLANG_WARN_EMPTY_BODY = YES;
				CLANG_WARN_ENUM_CONVERSION = YES;
				CLANG_WARN_INFINITE_RECURSION = YES;
				CLANG_WARN_INT_CONVERSION = YES;
				CLANG_WARN_NON_LITERAL_NULL_CONVERSION = YES;
				CLANG_WARN_OBJC_IMPLICIT_RETAIN_SELF = YES;
				CLANG_WARN_OBJC_LITERAL_CONVERSION = YES;
				CLANG_WARN_OBJC_ROOT_CLASS = YES_ERROR;
				CLANG_WARN_QUOTED_INCLUDE_IN_FRAMEWORK_HEADER = YES;
				CLANG_WARN_RANGE_LOOP_ANALYSIS = YES;
				CLANG_WARN_STRICT_PROTOTYPES = YES;
				CLANG_WARN_SUSPICIOUS_MOVE = YES;
				CLANG_WARN_UNGUARDED_AVAILABILITY = YES_AGGRESSIVE;
				CLANG_WARN_UNREACHABLE_CODE = YES;
				CLANG_WARN__DUPLICATE_METHOD_MATCH = YES;
				COPY_PHASE_STRIP = NO;
				DEBUG_INFORMATION_FORMAT = "dwarf-with-dsym";
				ENABLE_NS_ASSERTIONS = NO;
				ENABLE_STRICT_OBJC_MSGSEND = YES;
				GCC_C_LANGUAGE_STANDARD = gnu11;
				GCC_NO_COMMON_BLOCKS = YES;
				GCC_WARN_64_TO_32_BIT_CONVERSION = YES;
				GCC_WARN_ABOUT_RETURN_TYPE = YES_ERROR;
				GCC_WARN_UNDECLARED_SELECTOR = YES;
				GCC_WARN_UNINITIALIZED_AUTOS = YES_AGGRESSIVE;
				GCC_WARN_UNUSED_FUNCTION = YES;
				GCC_WARN_UNUSED_VARIABLE = YES;
				IPHONEOS_DEPLOYMENT_TARGET = 13.0;
				MTL_ENABLE_DEBUG_INFO = NO;
				MTL_FAST_MATH = YES;
				SDKROOT = iphoneos;
				SWIFT_COMPILATION_MODE = wholemodule;
				SWIFT_OPTIMIZATION_LEVEL = "-O";
				VALIDATE_PRODUCT = YES;
			};
			name = Release;
		};
		C01D31EE256EBB7E002438ED /* Debug */ = {
			isa = XCBuildConfiguration;
			baseConfigurationReference = BB186A3563242FE9D8F8CC24 /* Pods-Smalltalk.debug.xcconfig */;
			buildSettings = {
				ASSETCATALOG_COMPILER_APPICON_NAME = AppIcon;
				ASSETCATALOG_COMPILER_GLOBAL_ACCENT_COLOR_NAME = AccentColor;
				CODE_SIGN_STYLE = Automatic;
				DEVELOPMENT_TEAM = Q86PKXKFSM;
				INFOPLIST_FILE = Smalltalk/Info.plist;
				LD_RUNPATH_SEARCH_PATHS = (
					"$(inherited)",
					"@executable_path/Frameworks",
				);
				PRODUCT_BUNDLE_IDENTIFIER = com.forestcrasher.Smalltalk;
				PRODUCT_NAME = "$(TARGET_NAME)";
				SWIFT_VERSION = 5.0;
				TARGETED_DEVICE_FAMILY = "1,2";
			};
			name = Debug;
		};
		C01D31EF256EBB7E002438ED /* Release */ = {
			isa = XCBuildConfiguration;
			baseConfigurationReference = 1FE3B1AC9C24EEAB378EA114 /* Pods-Smalltalk.release.xcconfig */;
			buildSettings = {
				ASSETCATALOG_COMPILER_APPICON_NAME = AppIcon;
				ASSETCATALOG_COMPILER_GLOBAL_ACCENT_COLOR_NAME = AccentColor;
				CODE_SIGN_STYLE = Automatic;
				DEVELOPMENT_TEAM = Q86PKXKFSM;
				INFOPLIST_FILE = Smalltalk/Info.plist;
				LD_RUNPATH_SEARCH_PATHS = (
					"$(inherited)",
					"@executable_path/Frameworks",
				);
				PRODUCT_BUNDLE_IDENTIFIER = com.forestcrasher.Smalltalk;
				PRODUCT_NAME = "$(TARGET_NAME)";
				SWIFT_VERSION = 5.0;
				TARGETED_DEVICE_FAMILY = "1,2";
			};
			name = Release;
		};
/* End XCBuildConfiguration section */

/* Begin XCConfigurationList section */
		C01D31D4256EBB7A002438ED /* Build configuration list for PBXProject "Smalltalk" */ = {
			isa = XCConfigurationList;
			buildConfigurations = (
				C01D31EB256EBB7E002438ED /* Debug */,
				C01D31EC256EBB7E002438ED /* Release */,
			);
			defaultConfigurationIsVisible = 0;
			defaultConfigurationName = Release;
		};
		C01D31ED256EBB7E002438ED /* Build configuration list for PBXNativeTarget "Smalltalk" */ = {
			isa = XCConfigurationList;
			buildConfigurations = (
				C01D31EE256EBB7E002438ED /* Debug */,
				C01D31EF256EBB7E002438ED /* Release */,
			);
			defaultConfigurationIsVisible = 0;
			defaultConfigurationName = Release;
		};
/* End XCConfigurationList section */
	};
	rootObject = C01D31D1256EBB7A002438ED /* Project object */;
}
